
Microsoft Visual Studio Solution File, Format Version 12.00
# Visual Studio Version 17
VisualStudioVersion = 17.14.37027.9 d17.14
MinimumVisualStudioVersion = 10.0.40219.1
Project("{FAE04EC0-301F-11D3-BF4B-00C04F79EFBC}") = "DATN_StudentMangement", "DATN_StudentMangement.csproj", "{98532ACE-6ECE-48FE-B716-619AC957F64C}"
EndProject
Global
	GlobalSection(SolutionConfigurationPlatforms) = preSolution
		Debug|Any CPU = Debug|Any CPU
		Release|Any CPU = Release|Any CPU
	EndGlobalSection
	GlobalSection(ProjectConfigurationPlatforms) = postSolution
		{98532ACE-6ECE-48FE-B716-619AC957F64C}.Debug|Any CPU.ActiveCfg = Debug|Any CPU
		{98532ACE-6ECE-48FE-B716-619AC957F64C}.Debug|Any CPU.Build.0 = Debug|Any CPU
		{98532ACE-6ECE-48FE-B716-619AC957F64C}.Release|Any CPU.ActiveCfg = Release|Any CPU
		{98532ACE-6ECE-48FE-B716-619AC957F64C}.Release|Any CPU.Build.0 = Release|Any CPU
	EndGlobalSection
	GlobalSection(SolutionProperties) = preSolution
		HideSolutionNode = FALSE
	EndGlobalSection
	GlobalSection(ExtensibilityGlobals) = postSolution
		SolutionGuid = {7438E397-7005-425F-ABD7-19F6A128A32E}
	EndGlobalSection
EndGlobal
